
Microsoft Visual Studio Solution File, Format Version 12.00
# Visual Studio Version 17
VisualStudioVersion = 17.4.33403.182
MinimumVisualStudioVersion = 10.0.40219.1
Project("{FAE04EC0-301F-11D3-BF4B-00C04F79EFBC}") = "Study", "Study\Study.csproj", "{BAAAF93A-C54B-4BAB-B5AE-BF1CA98314F8}"
EndProject
Global
	GlobalSection(SolutionConfigurationPlatforms) = preSolution
		Debug|Any CPU = Debug|Any CPU
		Release|Any CPU = Release|Any CPU
	EndGlobalSection
	GlobalSection(ProjectConfigurationPlatforms) = postSolution
		{BAAAF93A-C54B-4BAB-B5AE-BF1CA98314F8}.Debug|Any CPU.ActiveCfg = Debug|Any CPU
		{BAAAF93A-C54B-4BAB-B5AE-BF1CA98314F8}.Debug|Any CPU.Build.0 = Debug|Any CPU
		{BAAAF93A-C54B-4BAB-B5AE-BF1CA98314F8}.Release|Any CPU.ActiveCfg = Release|Any CPU
		{BAAAF93A-C54B-4BAB-B5AE-BF1CA98314F8}.Release|Any CPU.Build.0 = Release|Any CPU
	EndGlobalSection
	GlobalSection(SolutionProperties) = preSolution
		HideSolutionNode = FALSE
	EndGlobalSection
	GlobalSection(ExtensibilityGlobals) = postSolution
		SolutionGuid = {56BF2630-9672-4E11-A8AE-80A5C3DC8519}
	EndGlobalSection
EndGlobal
